
Microsoft Visual Studio Solution File, Format Version 12.00
# Visual Studio Version 17
VisualStudioVersion = 17.0.31903.59
MinimumVisualStudioVersion = 10.0.40219.1
Project("{2150E333-8FDC-42A3-9474-1A3956D46DE8}") = "src", "src", "{827E0CD3-B72D-47B6-A68D-7590B98EB39B}"
EndProject
Project("{FAE04EC0-301F-11D3-BF4B-00C04F79EFBC}") = "MsgBakMan.App", "src\MsgBakMan.App\MsgBakMan.App.csproj", "{3E152F08-D88D-458F-B099-06E1CE42D671}"
EndProject
Project("{FAE04EC0-301F-11D3-BF4B-00C04F79EFBC}") = "MsgBakMan.Core", "src\MsgBakMan.Core\MsgBakMan.Core.csproj", "{8E66EE96-895A-4738-AEA3-04D84DFEAC1D}"
EndProject
Project("{FAE04EC0-301F-11D3-BF4B-00C04F79EFBC}") = "MsgBakMan.Data", "src\MsgBakMan.Data\MsgBakMan.Data.csproj", "{9EC38701-7217-4F3D-9339-96F632EFF205}"
EndProject
Project("{FAE04EC0-301F-11D3-BF4B-00C04F79EFBC}") = "MsgBakMan.ImportExport", "src\MsgBakMan.ImportExport\MsgBakMan.ImportExport.csproj", "{440CDAA6-EA2B-4F92-A8F7-54EDD5AAF11B}"
EndProject
Global
	GlobalSection(SolutionConfigurationPlatforms) = preSolution
		Debug|Any CPU = Debug|Any CPU
		Debug|x64 = Debug|x64
		Debug|x86 = Debug|x86
		Release|Any CPU = Release|Any CPU
		Release|x64 = Release|x64
		Release|x86 = Release|x86
	EndGlobalSection
	GlobalSection(ProjectConfigurationPlatforms) = postSolution
		{3E152F08-D88D-458F-B099-06E1CE42D671}.Debug|Any CPU.ActiveCfg = Debug|Any CPU
		{3E152F08-D88D-458F-B099-06E1CE42D671}.Debug|Any CPU.Build.0 = Debug|Any CPU
		{3E152F08-D88D-458F-B099-06E1CE42D671}.Debug|x64.ActiveCfg = Debug|Any CPU
		{3E152F08-D88D-458F-B099-06E1CE42D671}.Debug|x64.Build.0 = Debug|Any CPU
		{3E152F08-D88D-458F-B099-06E1CE42D671}.Debug|x86.ActiveCfg = Debug|Any CPU
		{3E152F08-D88D-458F-B099-06E1CE42D671}.Debug|x86.Build.0 = Debug|Any CPU
		{3E152F08-D88D-458F-B099-06E1CE42D671}.Release|Any CPU.ActiveCfg = Release|Any CPU
		{3E152F08-D88D-458F-B099-06E1CE42D671}.Release|Any CPU.Build.0 = Release|Any CPU
		{3E152F08-D88D-458F-B099-06E1CE42D671}.Release|x64.ActiveCfg = Release|Any CPU
		{3E152F08-D88D-458F-B099-06E1CE42D671}.Release|x64.Build.0 = Release|Any CPU
		{3E152F08-D88D-458F-B099-06E1CE42D671}.Release|x86.ActiveCfg = Release|Any CPU
		{3E152F08-D88D-458F-B099-06E1CE42D671}.Release|x86.Build.0 = Release|Any CPU
		{8E66EE96-895A-4738-AEA3-04D84DFEAC1D}.Debug|Any CPU.ActiveCfg = Debug|Any CPU
		{8E66EE96-895A-4738-AEA3-04D84DFEAC1D}.Debug|Any CPU.Build.0 = Debug|Any CPU
		{8E66EE96-895A-4738-AEA3-04D84DFEAC1D}.Debug|x64.ActiveCfg = Debug|Any CPU
		{8E66EE96-895A-4738-AEA3-04D84DFEAC1D}.Debug|x64.Build.0 = Debug|Any CPU
		{8E66EE96-895A-4738-AEA3-04D84DFEAC1D}.Debug|x86.ActiveCfg = Debug|Any CPU
		{8E66EE96-895A-4738-AEA3-04D84DFEAC1D}.Debug|x86.Build.0 = Debug|Any CPU
		{8E66EE96-895A-4738-AEA3-04D84DFEAC1D}.Release|Any CPU.ActiveCfg = Release|Any CPU
		{8E66EE96-895A-4738-AEA3-04D84DFEAC1D}.Release|Any CPU.Build.0 = Release|Any CPU
		{8E66EE96-895A-4738-AEA3-04D84DFEAC1D}.Release|x64.ActiveCfg = Release|Any CPU
		{8E66EE96-895A-4738-AEA3-04D84DFEAC1D}.Release|x64.Build.0 = Release|Any CPU
		{8E66EE96-895A-4738-AEA3-04D84DFEAC1D}.Release|x86.ActiveCfg = Release|Any CPU
		{8E66EE96-895A-4738-AEA3-04D84DFEAC1D}.Release|x86.Build.0 = Release|Any CPU
		{9EC38701-7217-4F3D-9339-96F632EFF205}.Debug|Any CPU.ActiveCfg = Debug|Any CPU
		{9EC38701-7217-4F3D-9339-96F632EFF205}.Debug|Any CPU.Build.0 = Debug|Any CPU
		{9EC38701-7217-4F3D-9339-96F632EFF205}.Debug|x64.ActiveCfg = Debug|Any CPU
		{9EC38701-7217-4F3D-9339-96F632EFF205}.Debug|x64.Build.0 = Debug|Any CPU
		{9EC38701-7217-4F3D-9339-96F632EFF205}.Debug|x86.ActiveCfg = Debug|Any CPU
		{9EC38701-7217-4F3D-9339-96F632EFF205}.Debug|x86.Build.0 = Debug|Any CPU
		{9EC38701-7217-4F3D-9339-96F632EFF205}.Release|Any CPU.ActiveCfg = Release|Any CPU
		{9EC38701-7217-4F3D-9339-96F632EFF205}.Release|Any CPU.Build.0 = Release|Any CPU
		{9EC38701-7217-4F3D-9339-96F632EFF205}.Release|x64.ActiveCfg = Release|Any CPU
		{9EC38701-7217-4F3D-9339-96F632EFF205}.Release|x64.Build.0 = Release|Any CPU
		{9EC38701-7217-4F3D-9339-96F632EFF205}.Release|x86.ActiveCfg = Release|Any CPU
		{9EC38701-7217-4F3D-9339-96F632EFF205}.Release|x86.Build.0 = Release|Any CPU
		{440CDAA6-EA2B-4F92-A8F7-54EDD5AAF11B}.Debug|Any CPU.ActiveCfg = Debug|Any CPU
		{440CDAA6-EA2B-4F92-A8F7-54EDD5AAF11B}.Debug|Any CPU.Build.0 = Debug|Any CPU
		{440CDAA6-EA2B-4F92-A8F7-54EDD5AAF11B}.Debug|x64.ActiveCfg = Debug|Any CPU
		{440CDAA6-EA2B-4F92-A8F7-54EDD5AAF11B}.Debug|x64.Build.0 = Debug|Any CPU
		{440CDAA6-EA2B-4F92-A8F7-54EDD5AAF11B}.Debug|x86.ActiveCfg = Debug|Any CPU
		{440CDAA6-EA2B-4F92-A8F7-54EDD5AAF11B}.Debug|x86.Build.0 = Debug|Any CPU
		{440CDAA6-EA2B-4F92-A8F7-54EDD5AAF11B}.Release|Any CPU.ActiveCfg = Release|Any CPU
		{440CDAA6-EA2B-4F92-A8F7-54EDD5AAF11B}.Release|Any CPU.Build.0 = Release|Any CPU
		{440CDAA6-EA2B-4F92-A8F7-54EDD5AAF11B}.Release|x64.ActiveCfg = Release|Any CPU
		{440CDAA6-EA2B-4F92-A8F7-54EDD5AAF11B}.Release|x64.Build.0 = Release|Any CPU
		{440CDAA6-EA2B-4F92-A8F7-54EDD5AAF11B}.Release|x86.ActiveCfg = Release|Any CPU
		{440CDAA6-EA2B-4F92-A8F7-54EDD5AAF11B}.Release|x86.Build.0 = Release|Any CPU
	EndGlobalSection
	GlobalSection(SolutionProperties) = preSolution
		HideSolutionNode = FALSE
	EndGlobalSection
	GlobalSection(NestedProjects) = preSolution
		{3E152F08-D88D-458F-B099-06E1CE42D671} = {827E0CD3-B72D-47B6-A68D-7590B98EB39B}
		{8E66EE96-895A-4738-AEA3-04D84DFEAC1D} = {827E0CD3-B72D-47B6-A68D-7590B98EB39B}
		{9EC38701-7217-4F3D-9339-96F632EFF205} = {827E0CD3-B72D-47B6-A68D-7590B98EB39B}
		{440CDAA6-EA2B-4F92-A8F7-54EDD5AAF11B} = {827E0CD3-B72D-47B6-A68D-7590B98EB39B}
	EndGlobalSection
EndGlobal
